// !$*UTF8*$!
{
	archiveVersion = 1;
	classes = {
	};
	objectVersion = 46;
	objects = {

/* Begin PBXBuildFile section */
		9C0B365E1BF2E851004A64E6 /* main.m in Sources */ = {isa = PBXBuildFile; fileRef = 9C0B365D1BF2E851004A64E6 /* main.m */; };
		9C0B36611BF2E851004A64E6 /* AppDelegate.m in Sources */ = {isa = PBXBuildFile; fileRef = 9C0B36601BF2E851004A64E6 /* AppDelegate.m */; };
		9C0B36641BF2E851004A64E6 /* ViewController.m in Sources */ = {isa = PBXBuildFile; fileRef = 9C0B36631BF2E851004A64E6 /* ViewController.m */; };
		9C0B36671BF2E851004A64E6 /* Main.storyboard in Resources */ = {isa = PBXBuildFile; fileRef = 9C0B36651BF2E851004A64E6 /* Main.storyboard */; };
		9C0B36691BF2E851004A64E6 /* Assets.xcassets in Resources */ = {isa = PBXBuildFile; fileRef = 9C0B36681BF2E851004A64E6 /* Assets.xcassets */; };
		9C0B366C1BF2E851004A64E6 /* LaunchScreen.storyboard in Resources */ = {isa = PBXBuildFile; fileRef = 9C0B366A1BF2E851004A64E6 /* LaunchScreen.storyboard */; };
		9C0B36771BF2E851004A64E6 /* UserSearchBarDemoTests.m in Sources */ = {isa = PBXBuildFile; fileRef = 9C0B36761BF2E851004A64E6 /* UserSearchBarDemoTests.m */; };
		9C0B36821BF2E851004A64E6 /* UserSearchBarDemoUITests.m in Sources */ = {isa = PBXBuildFile; fileRef = 9C0B36811BF2E851004A64E6 /* UserSearchBarDemoUITests.m */; };
		9C0B36911BF2E895004A64E6 /* WJUserEntity.m in Sources */ = {isa = PBXBuildFile; fileRef = 9C0B36901BF2E895004A64E6 /* WJUserEntity.m */; };
		9C0B36981BF2E89B004A64E6 /* UITextField+WJ.m in Sources */ = {isa = PBXBuildFile; fileRef = 9C0B36941BF2E89B004A64E6 /* UITextField+WJ.m */; };
		9C0B36991BF2E89B004A64E6 /* WJUserSearchBar.m in Sources */ = {isa = PBXBuildFile; fileRef = 9C0B36971BF2E89B004A64E6 /* WJUserSearchBar.m */; };
/* End PBXBuildFile section */

/* Begin PBXContainerItemProxy section */
		9C0B36731BF2E851004A64E6 /* PBXContainerItemProxy */ = {
			isa = PBXContainerItemProxy;
			containerPortal = 9C0B36511BF2E850004A64E6 /* Project object */;
			proxyType = 1;
			remoteGlobalIDString = 9C0B36581BF2E850004A64E6;
			remoteInfo = UserSearchBarDemo;
		};
		9C0B367E1BF2E851004A64E6 /* PBXContainerItemProxy */ = {
			isa = PBXContainerItemProxy;
			containerPortal = 9C0B36511BF2E850004A64E6 /* Project object */;
			proxyType = 1;
			remoteGlobalIDString = 9C0B36581BF2E850004A64E6;
			remoteInfo = UserSearchBarDemo;
		};
/* End PBXContainerItemProxy section */

/* Begin PBXFileReference section */
		9C0B36591BF2E850004A64E6 /* UserSearchBarDemo.app */ = {isa = PBXFileReference; explicitFileType = wrapper.application; includeInIndex = 0; path = UserSearchBarDemo.app; sourceTree = BUILT_PRODUCTS_DIR; };
		9C0B365D1BF2E851004A64E6 /* main.m */ = {isa = PBXFileReference; lastKnownFileType = sourcecode.c.objc; path = main.m; sourceTree = "<group>"; };
		9C0B365F1BF2E851004A64E6 /* AppDelegate.h */ = {isa = PBXFileReference; lastKnownFileType = sourcecode.c.h; path = AppDelegate.h; sourceTree = "<group>"; };
		9C0B36601BF2E851004A64E6 /* AppDelegate.m */ = {isa = PBXFileReference; lastKnownFileType = sourcecode.c.objc; path = AppDelegate.m; sourceTree = "<group>"; };
		9C0B36621BF2E851004A64E6 /* ViewController.h */ = {isa = PBXFileReference; lastKnownFileType = sourcecode.c.h; path = ViewController.h; sourceTree = "<group>"; };
		9C0B36631BF2E851004A64E6 /* ViewController.m */ = {isa = PBXFileReference; lastKnownFileType = sourcecode.c.objc; path = ViewController.m; sourceTree = "<group>"; };
		9C0B36661BF2E851004A64E6 /* Base */ = {isa = PBXFileReference; lastKnownFileType = file.storyboard; name = Base; path = Base.lproj/Main.storyboard; sourceTree = "<group>"; };
		9C0B36681BF2E851004A64E6 /* Assets.xcassets */ = {isa = PBXFileReference; lastKnownFileType = folder.assetcatalog; path = Assets.xcassets; sourceTree = "<group>"; };
		9C0B366B1BF2E851004A64E6 /* Base */ = {isa = PBXFileReference; lastKnownFileType = file.storyboard; name = Base; path = Base.lproj/LaunchScreen.storyboard; sourceTree = "<group>"; };
		9C0B366D1BF2E851004A64E6 /* Info.plist */ = {isa = PBXFileReference; lastKnownFileType = text.plist.xml; path = Info.plist; sourceTree = "<group>"; };
		9C0B36721BF2E851004A64E6 /* UserSearchBarDemoTests.xctest */ = {isa = PBXFileReference; explicitFileType = wrapper.cfbundle; includeInIndex = 0; path = UserSearchBarDemoTests.xctest; sourceTree = BUILT_PRODUCTS_DIR; };
		9C0B36761BF2E851004A64E6 /* UserSearchBarDemoTests.m */ = {isa = PBXFileReference; lastKnownFileType = sourcecode.c.objc; path = UserSearchBarDemoTests.m; sourceTree = "<group>"; };
		9C0B36781BF2E851004A64E6 /* Info.plist */ = {isa = PBXFileReference; lastKnownFileType = text.plist.xml; path = Info.plist; sourceTree = "<group>"; };
		9C0B367D1BF2E851004A64E6 /* UserSearchBarDemoUITests.xctest */ = {isa = PBXFileReference; explicitFileType = wrapper.cfbundle; includeInIndex = 0; path = UserSearchBarDemoUITests.xctest; sourceTree = BUILT_PRODUCTS_DIR; };
		9C0B36811BF2E851004A64E6 /* UserSearchBarDemoUITests.m */ = {isa = PBXFileReference; lastKnownFileType = sourcecode.c.objc; path = UserSearchBarDemoUITests.m; sourceTree = "<group>"; };
		9C0B36831BF2E851004A64E6 /* Info.plist */ = {isa = PBXFileReference; lastKnownFileType = text.plist.xml; path = Info.plist; sourceTree = "<group>"; };
		9C0B368F1BF2E895004A64E6 /* WJUserEntity.h */ = {isa = PBXFileReference; fileEncoding = 4; lastKnownFileType = sourcecode.c.h; path = WJUserEntity.h; sourceTree = "<group>"; };
		9C0B36901BF2E895004A64E6 /* WJUserEntity.m */ = {isa = PBXFileReference; fileEncoding = 4; lastKnownFileType = sourcecode.c.objc; path = WJUserEntity.m; sourceTree = "<group>"; };
		9C0B36931BF2E89B004A64E6 /* UITextField+WJ.h */ = {isa = PBXFileReference; fileEncoding = 4; lastKnownFileType = sourcecode.c.h; path = "UITextField+WJ.h"; sourceTree = "<group>"; };
		9C0B36941BF2E89B004A64E6 /* UITextField+WJ.m */ = {isa = PBXFileReference; fileEncoding = 4; lastKnownFileType = sourcecode.c.objc; path = "UITextField+WJ.m"; sourceTree = "<group>"; };
		9C0B36951BF2E89B004A64E6 /* WJUser.h */ = {isa = PBXFileReference; fileEncoding = 4; lastKnownFileType = sourcecode.c.h; path = WJUser.h; sourceTree = "<group>"; };
		9C0B36961BF2E89B004A64E6 /* WJUserSearchBar.h */ = {isa = PBXFileReference; fileEncoding = 4; lastKnownFileType = sourcecode.c.h; path = WJUserSearchBar.h; sourceTree = "<group>"; };
		9C0B36971BF2E89B004A64E6 /* WJUserSearchBar.m */ = {isa = PBXFileReference; fileEncoding = 4; lastKnownFileType = sourcecode.c.objc; path = WJUserSearchBar.m; sourceTree = "<group>"; };
/* End PBXFileReference section */

/* Begin PBXFrameworksBuildPhase section */
		9C0B36561BF2E850004A64E6 /* Frameworks */ = {
			isa = PBXFrameworksBuildPhase;
			buildActionMask = 2147483647;
			files = (
			);
			runOnlyForDeploymentPostprocessing = 0;
		};
		9C0B366F1BF2E851004A64E6 /* Frameworks */ = {
			isa = PBXFrameworksBuildPhase;
			buildActionMask = 2147483647;
			files = (
			);
			runOnlyForDeploymentPostprocessing = 0;
		};
		9C0B367A1BF2E851004A64E6 /* Frameworks */ = {
			isa = PBXFrameworksBuildPhase;
			buildActionMask = 2147483647;
			files = (
			);
			runOnlyForDeploymentPostprocessing = 0;
		};
/* End PBXFrameworksBuildPhase section */

/* Begin PBXGroup section */
		9C0B36501BF2E850004A64E6 = {
			isa = PBXGroup;
			children = (
				9C0B365B1BF2E850004A64E6 /* UserSearchBarDemo */,
				9C0B36751BF2E851004A64E6 /* UserSearchBarDemoTests */,
				9C0B36801BF2E851004A64E6 /* UserSearchBarDemoUITests */,
				9C0B365A1BF2E850004A64E6 /* Products */,
			);
			sourceTree = "<group>";
		};
		9C0B365A1BF2E850004A64E6 /* Products */ = {
			isa = PBXGroup;
			children = (
				9C0B36591BF2E850004A64E6 /* UserSearchBarDemo.app */,
				9C0B36721BF2E851004A64E6 /* UserSearchBarDemoTests.xctest */,
				9C0B367D1BF2E851004A64E6 /* UserSearchBarDemoUITests.xctest */,
			);
			name = Products;
			sourceTree = "<group>";
		};
		9C0B365B1BF2E850004A64E6 /* UserSearchBarDemo */ = {
			isa = PBXGroup;
			children = (
				9C0B36921BF2E89B004A64E6 /* UserSearchBar */,
				9C0B365F1BF2E851004A64E6 /* AppDelegate.h */,
				9C0B36601BF2E851004A64E6 /* AppDelegate.m */,
				9C0B36621BF2E851004A64E6 /* ViewController.h */,
				9C0B36631BF2E851004A64E6 /* ViewController.m */,
				9C0B368F1BF2E895004A64E6 /* WJUserEntity.h */,
				9C0B36901BF2E895004A64E6 /* WJUserEntity.m */,
				9C0B36651BF2E851004A64E6 /* Main.storyboard */,
				9C0B36681BF2E851004A64E6 /* Assets.xcassets */,
				9C0B366A1BF2E851004A64E6 /* LaunchScreen.storyboard */,
				9C0B366D1BF2E851004A64E6 /* Info.plist */,
				9C0B365C1BF2E850004A64E6 /* Supporting Files */,
			);
			path = UserSearchBarDemo;
			sourceTree = "<group>";
		};
		9C0B365C1BF2E850004A64E6 /* Supporting Files */ = {
			isa = PBXGroup;
			children = (
				9C0B365D1BF2E851004A64E6 /* main.m */,
			);
			name = "Supporting Files";
			sourceTree = "<group>";
		};
		9C0B36751BF2E851004A64E6 /* UserSearchBarDemoTests */ = {
			isa = PBXGroup;
			children = (
				9C0B36761BF2E851004A64E6 /* UserSearchBarDemoTests.m */,
				9C0B36781BF2E851004A64E6 /* Info.plist */,
			);
			path = UserSearchBarDemoTests;
			sourceTree = "<group>";
		};
		9C0B36801BF2E851004A64E6 /* UserSearchBarDemoUITests */ = {
			isa = PBXGroup;
			children = (
				9C0B36811BF2E851004A64E6 /* UserSearchBarDemoUITests.m */,
				9C0B36831BF2E851004A64E6 /* Info.plist */,
			);
			path = UserSearchBarDemoUITests;
			sourceTree = "<group>";
		};
		9C0B36921BF2E89B004A64E6 /* UserSearchBar */ = {
			isa = PBXGroup;
			children = (
				9C0B36931BF2E89B004A64E6 /* UITextField+WJ.h */,
				9C0B36941BF2E89B004A64E6 /* UITextField+WJ.m */,
				9C0B36951BF2E89B004A64E6 /* WJUser.h */,
				9C0B36961BF2E89B004A64E6 /* WJUserSearchBar.h */,
				9C0B36971BF2E89B004A64E6 /* WJUserSearchBar.m */,
			);
			path = UserSearchBar;
			sourceTree = "<group>";
		};
/* End PBXGroup section */

/* Begin PBXNativeTarget section */
		9C0B36581BF2E850004A64E6 /* UserSearchBarDemo */ = {
			isa = PBXNativeTarget;
			buildConfigurationList = 9C0B36861BF2E851004A64E6 /* Build configuration list for PBXNativeTarget "UserSearchBarDemo" */;
			buildPhases = (
				9C0B36551BF2E850004A64E6 /* Sources */,
				9C0B36561BF2E850004A64E6 /* Frameworks */,
				9C0B36571BF2E850004A64E6 /* Resources */,
			);
			buildRules = (
			);
			dependencies = (
			);
			name = UserSearchBarDemo;
			productName = UserSearchBarDemo;
			productReference = 9C0B36591BF2E850004A64E6 /* UserSearchBarDemo.app */;
			productType = "com.apple.product-type.application";
		};
		9C0B36711BF2E851004A64E6 /* UserSearchBarDemoTests */ = {
			isa = PBXNativeTarget;
			buildConfigurationList = 9C0B36891BF2E851004A64E6 /* Build configuration list for PBXNativeTarget "UserSearchBarDemoTests" */;
			buildPhases = (
				9C0B366E1BF2E851004A64E6 /* Sources */,
				9C0B366F1BF2E851004A64E6 /* Frameworks */,
				9C0B36701BF2E851004A64E6 /* Resources */,
			);
			buildRules = (
			);
			dependencies = (
				9C0B36741BF2E851004A64E6 /* PBXTargetDependency */,
			);
			name = UserSearchBarDemoTests;
			productName = UserSearchBarDemoTests;
			productReference = 9C0B36721BF2E851004A64E6 /* UserSearchBarDemoTests.xctest */;
			productType = "com.apple.product-type.bundle.unit-test";
		};
		9C0B367C1BF2E851004A64E6 /* UserSearchBarDemoUITests */ = {
			isa = PBXNativeTarget;
			buildConfigurationList = 9C0B368C1BF2E851004A64E6 /* Build configuration list for PBXNativeTarget "UserSearchBarDemoUITests" */;
			buildPhases = (
				9C0B36791BF2E851004A64E6 /* Sources */,
				9C0B367A1BF2E851004A64E6 /* Frameworks */,
				9C0B367B1BF2E851004A64E6 /* Resources */,
			);
			buildRules = (
			);
			dependencies = (
				9C0B367F1BF2E851004A64E6 /* PBXTargetDependency */,
			);
			name = UserSearchBarDemoUITests;
			productName = UserSearchBarDemoUITests;
			productReference = 9C0B367D1BF2E851004A64E6 /* UserSearchBarDemoUITests.xctest */;
			productType = "com.apple.product-type.bundle.ui-testing";
		};
/* End PBXNativeTarget section */

/* Begin PBXProject section */
		9C0B36511BF2E850004A64E6 /* Project object */ = {
			isa = PBXProject;
			attributes = {
				LastUpgradeCheck = 0710;
				ORGANIZATIONNAME = WhoJun;
				TargetAttributes = {
					9C0B36581BF2E850004A64E6 = {
						CreatedOnToolsVersion = 7.1;
					};
					9C0B36711BF2E851004A64E6 = {
						CreatedOnToolsVersion = 7.1;
						TestTargetID = 9C0B36581BF2E850004A64E6;
					};
					9C0B367C1BF2E851004A64E6 = {
						CreatedOnToolsVersion = 7.1;
						TestTargetID = 9C0B36581BF2E850004A64E6;
					};
				};
			};
			buildConfigurationList = 9C0B36541BF2E850004A64E6 /* Build configuration list for PBXProject "UserSearchBarDemo" */;
			compatibilityVersion = "Xcode 3.2";
			developmentRegion = English;
			hasScannedForEncodings = 0;
			knownRegions = (
				en,
				Base,
			);
			mainGroup = 9C0B36501BF2E850004A64E6;
			productRefGroup = 9C0B365A1BF2E850004A64E6 /* Products */;
			projectDirPath = "";
			projectRoot = "";
			targets = (
				9C0B36581BF2E850004A64E6 /* UserSearchBarDemo */,
				9C0B36711BF2E851004A64E6 /* UserSearchBarDemoTests */,
				9C0B367C1BF2E851004A64E6 /* UserSearchBarDemoUITests */,
			);
		};
/* End PBXProject section */

/* Begin PBXResourcesBuildPhase section */
		9C0B36571BF2E850004A64E6 /* Resources */ = {
			isa = PBXResourcesBuildPhase;
			buildActionMask = 2147483647;
			files = (
				9C0B366C1BF2E851004A64E6 /* LaunchScreen.storyboard in Resources */,
				9C0B36691BF2E851004A64E6 /* Assets.xcassets in Resources */,
				9C0B36671BF2E851004A64E6 /* Main.storyboard in Resources */,
			);
			runOnlyForDeploymentPostprocessing = 0;
		};
		9C0B36701BF2E851004A64E6 /* Resources */ = {
			isa = PBXResourcesBuildPhase;
			buildActionMask = 2147483647;
			files = (
			);
			runOnlyForDeploymentPostprocessing = 0;
		};
		9C0B367B1BF2E851004A64E6 /* Resources */ = {
			isa = PBXResourcesBuildPhase;
			buildActionMask = 2147483647;
			files = (
			);
			runOnlyForDeploymentPostprocessing = 0;
		};
/* End PBXResourcesBuildPhase section */

/* Begin PBXSourcesBuildPhase section */
		9C0B36551BF2E850004A64E6 /* Sources */ = {
			isa = PBXSourcesBuildPhase;
			buildActionMask = 2147483647;
			files = (
				9C0B36641BF2E851004A64E6 /* ViewController.m in Sources */,
				9C0B36611BF2E851004A64E6 /* AppDelegate.m in Sources */,
				9C0B36981BF2E89B004A64E6 /* UITextField+WJ.m in Sources */,
				9C0B36911BF2E895004A64E6 /* WJUserEntity.m in Sources */,
				9C0B365E1BF2E851004A64E6 /* main.m in Sources */,
				9C0B36991BF2E89B004A64E6 /* WJUserSearchBar.m in Sources */,
			);
			runOnlyForDeploymentPostprocessing = 0;
		};
		9C0B366E1BF2E851004A64E6 /* Sources */ = {
			isa = PBXSourcesBuildPhase;
			buildActionMask = 2147483647;
			files = (
				9C0B36771BF2E851004A64E6 /* UserSearchBarDemoTests.m in Sources */,
			);
			runOnlyForDeploymentPostprocessing = 0;
		};
		9C0B36791BF2E851004A64E6 /* Sources */ = {
			isa = PBXSourcesBuildPhase;
			buildActionMask = 2147483647;
			files = (
				9C0B36821BF2E851004A64E6 /* UserSearchBarDemoUITests.m in Sources */,
			);
			runOnlyForDeploymentPostprocessing = 0;
		};
/* End PBXSourcesBuildPhase section */

/* Begin PBXTargetDependency section */
		9C0B36741BF2E851004A64E6 /* PBXTargetDependency */ = {
			isa = PBXTargetDependency;
			target = 9C0B36581BF2E850004A64E6 /* UserSearchBarDemo */;
			targetProxy = 9C0B36731BF2E851004A64E6 /* PBXContainerItemProxy */;
		};
		9C0B367F1BF2E851004A64E6 /* PBXTargetDependency */ = {
			isa = PBXTargetDependency;
			target = 9C0B36581BF2E850004A64E6 /* UserSearchBarDemo */;
			targetProxy = 9C0B367E1BF2E851004A64E6 /* PBXContainerItemProxy */;
		};
/* End PBXTargetDependency section */

/* Begin PBXVariantGroup section */
		9C0B36651BF2E851004A64E6 /* Main.storyboard */ = {
			isa = PBXVariantGroup;
			children = (
				9C0B36661BF2E851004A64E6 /* Base */,
			);
			name = Main.storyboard;
			sourceTree = "<group>";
		};
		9C0B366A1BF2E851004A64E6 /* LaunchScreen.storyboard */ = {
			isa = PBXVariantGroup;
			children = (
				9C0B366B1BF2E851004A64E6 /* Base */,
			);
			name = LaunchScreen.storyboard;
			sourceTree = "<group>";
		};
/* End PBXVariantGroup section */

/* Begin XCBuildConfiguration section */
		9C0B36841BF2E851004A64E6 /* Debug */ = {
			isa = XCBuildConfiguration;
			buildSettings = {
				ALWAYS_SEARCH_USER_PATHS = NO;
				CLANG_CXX_LANGUAGE_STANDARD = "gnu++0x";
				CLANG_CXX_LIBRARY = "libc++";
				CLANG_ENABLE_MODULES = YES;
				CLANG_ENABLE_OBJC_ARC = YES;
				CLANG_WARN_BOOL_CONVERSION = YES;
				CLANG_WARN_CONSTANT_CONVERSION = YES;
				CLANG_WARN_DIRECT_OBJC_ISA_USAGE = YES_ERROR;
				CLANG_WARN_EMPTY_BODY = YES;
				CLANG_WARN_ENUM_CONVERSION = YES;
				CLANG_WARN_INT_CONVERSION = YES;
				CLANG_WARN_OBJC_ROOT_CLASS = YES_ERROR;
				CLANG_WARN_UNREACHABLE_CODE = YES;
				CLANG_WARN__DUPLICATE_METHOD_MATCH = YES;
				"CODE_SIGN_IDENTITY[sdk=iphoneos*]" = "iPhone Developer";
				COPY_PHASE_STRIP = NO;
				DEBUG_INFORMATION_FORMAT = dwarf;
				ENABLE_STRICT_OBJC_MSGSEND = YES;
				ENABLE_TESTABILITY = YES;
				GCC_C_LANGUAGE_STANDARD = gnu99;
				GCC_DYNAMIC_NO_PIC = NO;
				GCC_NO_COMMON_BLOCKS = YES;
				GCC_OPTIMIZATION_LEVEL = 0;
				GCC_PREPROCESSOR_DEFINITIONS = (
					"DEBUG=1",
					"$(inherited)",
				);
				GCC_WARN_64_TO_32_BIT_CONVERSION = YES;
				GCC_WARN_ABOUT_RETURN_TYPE = YES_ERROR;
				GCC_WARN_UNDECLARED_SELECTOR = YES;
				GCC_WARN_UNINITIALIZED_AUTOS = YES_AGGRESSIVE;
				GCC_WARN_UNUSED_FUNCTION = YES;
				GCC_WARN_UNUSED_VARIABLE = YES;
				IPHONEOS_DEPLOYMENT_TARGET = 9.1;
				MTL_ENABLE_DEBUG_INFO = YES;
				ONLY_ACTIVE_ARCH = YES;
				SDKROOT = iphoneos;
			};
			name = Debug;
		};
		9C0B36851BF2E851004A64E6 /* Release */ = {
			isa = XCBuildConfiguration;
			buildSettings = {
				ALWAYS_SEARCH_USER_PATHS = NO;
				CLANG_CXX_LANGUAGE_STANDARD = "gnu++0x";
				CLANG_CXX_LIBRARY = "libc++";
				CLANG_ENABLE_MODULES = YES;
				CLANG_ENABLE_OBJC_ARC = YES;
				CLANG_WARN_BOOL_CONVERSION = YES;
				CLANG_WARN_CONSTANT_CONVERSION = YES;
				CLANG_WARN_DIRECT_OBJC_ISA_USAGE = YES_ERROR;
				CLANG_WARN_EMPTY_BODY = YES;
				CLANG_WARN_ENUM_CONVERSION = YES;
				CLANG_WARN_INT_CONVERSION = YES;
				CLANG_WARN_OBJC_ROOT_CLASS = YES_ERROR;
				CLANG_WARN_UNREACHABLE_CODE = YES;
				CLANG_WARN__DUPLICATE_METHOD_MATCH = YES;
				"CODE_SIGN_IDENTITY[sdk=iphoneos*]" = "iPhone Developer";
				COPY_PHASE_STRIP = NO;
				DEBUG_INFORMATION_FORMAT = "dwarf-with-dsym";
				ENABLE_NS_ASSERTIONS = NO;
				ENABLE_STRICT_OBJC_MSGSEND = YES;
				GCC_C_LANGUAGE_STANDARD = gnu99;
				GCC_NO_COMMON_BLOCKS = YES;
				GCC_WARN_64_TO_32_BIT_CONVERSION = YES;
				GCC_WARN_ABOUT_RETURN_TYPE = YES_ERROR;
				GCC_WARN_UNDECLARED_SELECTOR = YES;
				GCC_WARN_UNINITIALIZED_AUTOS = YES_AGGRESSIVE;
				GCC_WARN_UNUSED_FUNCTION = YES;
				GCC_WARN_UNUSED_VARIABLE = YES;
				IPHONEOS_DEPLOYMENT_TARGET = 9.1;
				MTL_ENABLE_DEBUG_INFO = NO;
				SDKROOT = iphoneos;
				VALIDATE_PRODUCT = YES;
			};
			name = Release;
		};
		9C0B36871BF2E851004A64E6 /* Debug */ = {
			isa = XCBuildConfiguration;
			buildSettings = {
				ASSETCATALOG_COMPILER_APPICON_NAME = AppIcon;
				INFOPLIST_FILE = UserSearchBarDemo/Info.plist;
				LD_RUNPATH_SEARCH_PATHS = "$(inherited) @executable_path/Frameworks";
				PRODUCT_BUNDLE_IDENTIFIER = com.whojun.UserSearchBarDemo;
				PRODUCT_NAME = "$(TARGET_NAME)";
			};
			name = Debug;
		};
		9C0B36881BF2E851004A64E6 /* Release */ = {
			isa = XCBuildConfiguration;
			buildSettings = {
				ASSETCATALOG_COMPILER_APPICON_NAME = AppIcon;
				INFOPLIST_FILE = UserSearchBarDemo/Info.plist;
				LD_RUNPATH_SEARCH_PATHS = "$(inherited) @executable_path/Frameworks";
				PRODUCT_BUNDLE_IDENTIFIER = com.whojun.UserSearchBarDemo;
				PRODUCT_NAME = "$(TARGET_NAME)";
			};
			name = Release;
		};
		9C0B368A1BF2E851004A64E6 /* Debug */ = {
			isa = XCBuildConfiguration;
			buildSettings = {
				BUNDLE_LOADER = "$(TEST_HOST)";
				INFOPLIST_FILE = UserSearchBarDemoTests/Info.plist;
				LD_RUNPATH_SEARCH_PATHS = "$(inherited) @executable_path/Frameworks @loader_path/Frameworks";
				PRODUCT_BUNDLE_IDENTIFIER = com.whojun.UserSearchBarDemoTests;
				PRODUCT_NAME = "$(TARGET_NAME)";
				TEST_HOST = "$(BUILT_PRODUCTS_DIR)/UserSearchBarDemo.app/UserSearchBarDemo";
			};
			name = Debug;
		};
		9C0B368B1BF2E851004A64E6 /* Release */ = {
			isa = XCBuildConfiguration;
			buildSettings = {
				BUNDLE_LOADER = "$(TEST_HOST)";
				INFOPLIST_FILE = UserSearchBarDemoTests/Info.plist;
				LD_RUNPATH_SEARCH_PATHS = "$(inherited) @executable_path/Frameworks @loader_path/Frameworks";
				PRODUCT_BUNDLE_IDENTIFIER = com.whojun.UserSearchBarDemoTests;
				PRODUCT_NAME = "$(TARGET_NAME)";
				TEST_HOST = "$(BUILT_PRODUCTS_DIR)/UserSearchBarDemo.app/UserSearchBarDemo";
			};
			name = Release;
		};
		9C0B368D1BF2E851004A64E6 /* Debug */ = {
			isa = XCBuildConfiguration;
			buildSettings = {
				INFOPLIST_FILE = UserSearchBarDemoUITests/Info.plist;
				LD_RUNPATH_SEARCH_PATHS = "$(inherited) @executable_path/Frameworks @loader_path/Frameworks";
				PRODUCT_BUNDLE_IDENTIFIER = com.whojun.UserSearchBarDemoUITests;
				PRODUCT_NAME = "$(TARGET_NAME)";
				TEST_TARGET_NAME = UserSearchBarDemo;
				USES_XCTRUNNER = YES;
			};
			name = Debug;
		};
		9C0B368E1BF2E851004A64E6 /* Release */ = {
			isa = XCBuildConfiguration;
			buildSettings = {
				INFOPLIST_FILE = UserSearchBarDemoUITests/Info.plist;
				LD_RUNPATH_SEARCH_PATHS = "$(inherited) @executable_path/Frameworks @loader_path/Frameworks";
				PRODUCT_BUNDLE_IDENTIFIER = com.whojun.UserSearchBarDemoUITests;
				PRODUCT_NAME = "$(TARGET_NAME)";
				TEST_TARGET_NAME = UserSearchBarDemo;
				USES_XCTRUNNER = YES;
			};
			name = Release;
		};
/* End XCBuildConfiguration section */

/* Begin XCConfigurationList section */
		9C0B36541BF2E850004A64E6 /* Build configuration list for PBXProject "UserSearchBarDemo" */ = {
			isa = XCConfigurationList;
			buildConfigurations = (
				9C0B36841BF2E851004A64E6 /* Debug */,
				9C0B36851BF2E851004A64E6 /* Release */,
			);
			defaultConfigurationIsVisible = 0;
			defaultConfigurationName = Release;
		};
		9C0B36861BF2E851004A64E6 /* Build configuration list for PBXNativeTarget "UserSearchBarDemo" */ = {
			isa = XCConfigurationList;
			buildConfigurations = (
				9C0B36871BF2E851004A64E6 /* Debug */,
				9C0B36881BF2E851004A64E6 /* Release */,
			);
			defaultConfigurationIsVisible = 0;
		};
		9C0B36891BF2E851004A64E6 /* Build configuration list for PBXNativeTarget "UserSearchBarDemoTests" */ = {
			isa = XCConfigurationList;
			buildConfigurations = (
				9C0B368A1BF2E851004A64E6 /* Debug */,
				9C0B368B1BF2E851004A64E6 /* Release */,
			);
			defaultConfigurationIsVisible = 0;
		};
		9C0B368C1BF2E851004A64E6 /* Build configuration list for PBXNativeTarget "UserSearchBarDemoUITests" */ = {
			isa = XCConfigurationList;
			buildConfigurations = (
				9C0B368D1BF2E851004A64E6 /* Debug */,
				9C0B368E1BF2E851004A64E6 /* Release */,
			);
			defaultConfigurationIsVisible = 0;
		};
/* End XCConfigurationList section */
	};
	rootObject = 9C0B36511BF2E850004A64E6 /* Project object */;
}
